
Microsoft Visual Studio Solution File, Format Version 12.00
# Visual Studio Version 17
VisualStudioVersion = 17.14.36623.8 d17.14
MinimumVisualStudioVersion = 10.0.40219.1
Project("{FAE04EC0-301F-11D3-BF4B-00C04F79EFBC}") = "Timesheet", "Timesheet\Timesheet.csproj", "{E808D5F7-CA60-4E1E-A817-64A07E979A3C}"
EndProject
Global
	GlobalSection(SolutionConfigurationPlatforms) = preSolution
		Debug|Any CPU = Debug|Any CPU
		Release|Any CPU = Release|Any CPU
	EndGlobalSection
	GlobalSection(ProjectConfigurationPlatforms) = postSolution
		{E808D5F7-CA60-4E1E-A817-64A07E979A3C}.Debug|Any CPU.ActiveCfg = Debug|Any CPU
		{E808D5F7-CA60-4E1E-A817-64A07E979A3C}.Debug|Any CPU.Build.0 = Debug|Any CPU
		{E808D5F7-CA60-4E1E-A817-64A07E979A3C}.Release|Any CPU.ActiveCfg = Release|Any CPU
		{E808D5F7-CA60-4E1E-A817-64A07E979A3C}.Release|Any CPU.Build.0 = Release|Any CPU
	EndGlobalSection
	GlobalSection(SolutionProperties) = preSolution
		HideSolutionNode = FALSE
	EndGlobalSection
	GlobalSection(ExtensibilityGlobals) = postSolution
		SolutionGuid = {197DC287-6A38-4822-805A-5325293BF88F}
	EndGlobalSection
EndGlobal
